
Microsoft Visual Studio Solution File, Format Version 12.00
# Visual Studio Version 17
VisualStudioVersion = 17.14.36511.14 d17.14
MinimumVisualStudioVersion = 10.0.40219.1
Project("{FAE04EC0-301F-11D3-BF4B-00C04F79EFBC}") = "Students_Form", "Students_Form\Students_Form.csproj", "{9A17DEB3-B120-4546-9516-53F0B1CAEDD0}"
EndProject
Global
	GlobalSection(SolutionConfigurationPlatforms) = preSolution
		Debug|Any CPU = Debug|Any CPU
		Release|Any CPU = Release|Any CPU
	EndGlobalSection
	GlobalSection(ProjectConfigurationPlatforms) = postSolution
		{9A17DEB3-B120-4546-9516-53F0B1CAEDD0}.Debug|Any CPU.ActiveCfg = Debug|Any CPU
		{9A17DEB3-B120-4546-9516-53F0B1CAEDD0}.Debug|Any CPU.Build.0 = Debug|Any CPU
		{9A17DEB3-B120-4546-9516-53F0B1CAEDD0}.Release|Any CPU.ActiveCfg = Release|Any CPU
		{9A17DEB3-B120-4546-9516-53F0B1CAEDD0}.Release|Any CPU.Build.0 = Release|Any CPU
	EndGlobalSection
	GlobalSection(SolutionProperties) = preSolution
		HideSolutionNode = FALSE
	EndGlobalSection
	GlobalSection(ExtensibilityGlobals) = postSolution
		SolutionGuid = {2046499C-D05B-4ADE-BD7B-09A00D5EBF6D}
	EndGlobalSection
EndGlobal
