
Microsoft Visual Studio Solution File, Format Version 12.00
# Visual Studio Version 17
VisualStudioVersion = 17.14.36511.14 d17.14
MinimumVisualStudioVersion = 10.0.40219.1
Project("{FAE04EC0-301F-11D3-BF4B-00C04F79EFBC}") = "Data_Table", "Data_Table\Data_Table.csproj", "{C77522FD-C910-4873-AC8B-938DA0E70479}"
EndProject
Global
	GlobalSection(SolutionConfigurationPlatforms) = preSolution
		Debug|Any CPU = Debug|Any CPU
		Release|Any CPU = Release|Any CPU
	EndGlobalSection
	GlobalSection(ProjectConfigurationPlatforms) = postSolution
		{C77522FD-C910-4873-AC8B-938DA0E70479}.Debug|Any CPU.ActiveCfg = Debug|Any CPU
		{C77522FD-C910-4873-AC8B-938DA0E70479}.Debug|Any CPU.Build.0 = Debug|Any CPU
		{C77522FD-C910-4873-AC8B-938DA0E70479}.Release|Any CPU.ActiveCfg = Release|Any CPU
		{C77522FD-C910-4873-AC8B-938DA0E70479}.Release|Any CPU.Build.0 = Release|Any CPU
	EndGlobalSection
	GlobalSection(SolutionProperties) = preSolution
		HideSolutionNode = FALSE
	EndGlobalSection
	GlobalSection(ExtensibilityGlobals) = postSolution
		SolutionGuid = {1FE472B9-3786-47B5-826B-1B010F18170A}
	EndGlobalSection
EndGlobal
